
Microsoft Visual Studio Solution File, Format Version 12.00
# Visual Studio 2013
VisualStudioVersion = 12.0.31101.0
MinimumVisualStudioVersion = 10.0.40219.1
Project("{2150E333-8FDC-42A3-9474-1A3956D46DE8}") = ".nuget", ".nuget", "{040A4F56-004B-4FC2-9566-50DE69B5E08F}"
	ProjectSection(SolutionItems) = preProject
		.nuget\NuGet.Config = .nuget\NuGet.Config
		.nuget\NuGet.exe = .nuget\NuGet.exe
		.nuget\NuGet.targets = .nuget\NuGet.targets
	EndProjectSection
EndProject
Project("{FAE04EC0-301F-11D3-BF4B-00C04F79EFBC}") = "CashMoney.Web", "CashMoney.Web\CashMoney.Web.csproj", "{060ED5D1-0D2F-4B25-86F3-D27A1DC49FF1}"
EndProject
Project("{FAE04EC0-301F-11D3-BF4B-00C04F79EFBC}") = "CashMoney.Core", "CashMoney.Core\CashMoney.Core.csproj", "{A07B7BD1-F74E-4197-8E45-BA2AE1E6A839}"
EndProject
Project("{FAE04EC0-301F-11D3-BF4B-00C04F79EFBC}") = "CashMoney.Infrastructure", "CashMoney.Infrastructure\CashMoney.Infrastructure.csproj", "{337B40FD-E7DB-4E19-92A7-4C549D9F636D}"
EndProject
Global
	GlobalSection(SolutionConfigurationPlatforms) = preSolution
		Debug|Any CPU = Debug|Any CPU
		Release|Any CPU = Release|Any CPU
	EndGlobalSection
	GlobalSection(ProjectConfigurationPlatforms) = postSolution
		{060ED5D1-0D2F-4B25-86F3-D27A1DC49FF1}.Debug|Any CPU.ActiveCfg = Debug|Any CPU
		{060ED5D1-0D2F-4B25-86F3-D27A1DC49FF1}.Debug|Any CPU.Build.0 = Debug|Any CPU
		{060ED5D1-0D2F-4B25-86F3-D27A1DC49FF1}.Release|Any CPU.ActiveCfg = Release|Any CPU
		{060ED5D1-0D2F-4B25-86F3-D27A1DC49FF1}.Release|Any CPU.Build.0 = Release|Any CPU
		{A07B7BD1-F74E-4197-8E45-BA2AE1E6A839}.Debug|Any CPU.ActiveCfg = Debug|Any CPU
		{A07B7BD1-F74E-4197-8E45-BA2AE1E6A839}.Debug|Any CPU.Build.0 = Debug|Any CPU
		{A07B7BD1-F74E-4197-8E45-BA2AE1E6A839}.Release|Any CPU.ActiveCfg = Release|Any CPU
		{A07B7BD1-F74E-4197-8E45-BA2AE1E6A839}.Release|Any CPU.Build.0 = Release|Any CPU
		{337B40FD-E7DB-4E19-92A7-4C549D9F636D}.Debug|Any CPU.ActiveCfg = Debug|Any CPU
		{337B40FD-E7DB-4E19-92A7-4C549D9F636D}.Debug|Any CPU.Build.0 = Debug|Any CPU
		{337B40FD-E7DB-4E19-92A7-4C549D9F636D}.Release|Any CPU.ActiveCfg = Release|Any CPU
		{337B40FD-E7DB-4E19-92A7-4C549D9F636D}.Release|Any CPU.Build.0 = Release|Any CPU
	EndGlobalSection
	GlobalSection(SolutionProperties) = preSolution
		HideSolutionNode = FALSE
	EndGlobalSection
EndGlobal
